
Microsoft Visual Studio Solution File, Format Version 12.00
# Visual Studio Version 16
VisualStudioVersion = 16.0.31112.23
MinimumVisualStudioVersion = 10.0.40219.1
Project("{FAE04EC0-301F-11D3-BF4B-00C04F79EFBC}") = "polygon-intersection", "polygon-intersection.csproj", "{111F5E4D-A54E-4DD7-BB46-70CBD708EDF5}"
EndProject
Global
	GlobalSection(SolutionConfigurationPlatforms) = preSolution
		Debug|Any CPU = Debug|Any CPU
		Release|Any CPU = Release|Any CPU
	EndGlobalSection
	GlobalSection(ProjectConfigurationPlatforms) = postSolution
		{111F5E4D-A54E-4DD7-BB46-70CBD708EDF5}.Debug|Any CPU.ActiveCfg = Debug|Any CPU
		{111F5E4D-A54E-4DD7-BB46-70CBD708EDF5}.Debug|Any CPU.Build.0 = Debug|Any CPU
		{111F5E4D-A54E-4DD7-BB46-70CBD708EDF5}.Release|Any CPU.ActiveCfg = Release|Any CPU
		{111F5E4D-A54E-4DD7-BB46-70CBD708EDF5}.Release|Any CPU.Build.0 = Release|Any CPU
	EndGlobalSection
	GlobalSection(SolutionProperties) = preSolution
		HideSolutionNode = FALSE
	EndGlobalSection
	GlobalSection(ExtensibilityGlobals) = postSolution
		SolutionGuid = {9A729DC7-6B9B-423C-89C8-761A3D04F4D7}
	EndGlobalSection
EndGlobal
